{
  "name": "angular-tanstack-table",
  "version": "0.0.1",
  "lockfileVersion": 3,
  "requires": true,
  "packages": {
    "": {
      "name": "angular-tanstack-table",
      "version": "0.0.1",
      "dependencies": {
        "@tanstack/table-core": "^8.11.7",
        "tslib": "^2.3.0"
      },
      "peerDependencies": {
        "@angular/common": "^17.1.0",
        "@angular/core": "^17.1.0"
      }
    },
    "node_modules/@angular/common": {
      "version": "17.1.0",
      "resolved": "https://registry.npmjs.org/@angular/common/-/common-17.1.0.tgz",
      "integrity": "sha512-0Zg62iSynyRr2QslC8dVwSo46mkKrVENnwcBvsgTJ8rfGiuRdKMX8nWm5EUEm3ohKmYLfHvyEjsKDRn//UefVw==",
      "peer": true,
      "dependencies": {
        "tslib": "^2.3.0"
      },
      "engines": {
        "node": "^18.13.0 || >=20.9.0"
      },
      "peerDependencies": {
        "@angular/core": "17.1.0",
        "rxjs": "^6.5.3 || ^7.4.0"
      }
    },
    "node_modules/@angular/core": {
      "version": "17.1.0",
      "resolved": "https://registry.npmjs.org/@angular/core/-/core-17.1.0.tgz",
      "integrity": "sha512-9OvRRZq+46S+ICZLRYIGVU2pknuPz23B+5V3jz7cDA5V43GVcMnfmAbMClPQxm7kRGnqtQ+yzBjn+HubCerE6g==",
      "peer": true,
      "dependencies": {
        "tslib": "^2.3.0"
      },
      "engines": {
        "node": "^18.13.0 || >=20.9.0"
      },
      "peerDependencies": {
        "rxjs": "^6.5.3 || ^7.4.0",
        "zone.js": "~0.14.0"
      }
    },
    "node_modules/@tanstack/table-core": {
      "version": "8.11.7",
      "resolved": "https://registry.npmjs.org/@tanstack/table-core/-/table-core-8.11.7.tgz",
      "integrity": "sha512-N3ksnkbPbsF3PjubuZCB/etTqvctpXWRHIXTmYfJFnhynQKjeZu8BCuHvdlLPpumKbA+bjY4Ay9AELYLOXPWBg==",
      "engines": {
        "node": ">=12"
      },
      "funding": {
        "type": "github",
        "url": "https://github.com/sponsors/tannerlinsley"
      }
    },
    "node_modules/rxjs": {
      "version": "7.8.1",
      "resolved": "https://registry.npmjs.org/rxjs/-/rxjs-7.8.1.tgz",
      "integrity": "sha512-AA3TVj+0A2iuIoQkWEK/tqFjBq2j+6PO6Y0zJcvzLAFhEFIO3HL0vls9hWLncZbAAbK0mar7oZ4V079I/qPMxg==",
      "peer": true,
      "dependencies": {
        "tslib": "^2.1.0"
      }
    },
    "node_modules/tslib": {
      "version": "2.6.2",
      "resolved": "https://registry.npmjs.org/tslib/-/tslib-2.6.2.tgz",
      "integrity": "sha512-AEYxH93jGFPn/a2iVAwW87VuUIkR1FVUKB77NwMF7nBTDkDrrT/Hpt/IrCJ0QXhW27jTBDcf5ZY7w6RiqTMw2Q=="
    },
    "node_modules/zone.js": {
      "version": "0.14.3",
      "resolved": "https://registry.npmjs.org/zone.js/-/zone.js-0.14.3.tgz",
      "integrity": "sha512-jYoNqF046Q+JfcZSItRSt+oXFcpXL88yq7XAZjb/NKTS7w2hHpKjRJ3VlFD1k75wMaRRXNUt5vrZVlygiMyHbA==",
      "peer": true,
      "dependencies": {
        "tslib": "^2.3.0"
      }
    }
  }
}
